
Microsoft Visual Studio Solution File, Format Version 12.00
# Visual Studio 15
VisualStudioVersion = 15.0.28307.136
MinimumVisualStudioVersion = 10.0.40219.1
Project("{FAE04EC0-301F-11D3-BF4B-00C04F79EFBC}") = "NorthWindPracticeWeb", "NorthWindPracticeWeb\NorthWindPracticeWeb.csproj", "{D2A3E217-C9DF-4878-9277-78627380C299}"
EndProject
Project("{FAE04EC0-301F-11D3-BF4B-00C04F79EFBC}") = "NorthWindPracticeWeb.Tests", "NorthWindPracticeWeb.Tests\NorthWindPracticeWeb.Tests.csproj", "{356F3747-3B06-44CB-B6B7-DECAA5F4E5C6}"
EndProject
Project("{FAE04EC0-301F-11D3-BF4B-00C04F79EFBC}") = "NorthWindPracticeWeb.Service", "NorthWindPracticeWeb.Service\NorthWindPracticeWeb.Service.csproj", "{12133B11-B5EA-47E0-A0DE-DB929CEAAE4F}"
EndProject
Project("{FAE04EC0-301F-11D3-BF4B-00C04F79EFBC}") = "NorthWindPracticeWeb.Repository", "NorthWindPracticeWeb.Repository\NorthWindPracticeWeb.Repository.csproj", "{C3B0295B-BB3C-4FC4-BF17-325167CD359D}"
EndProject
Project("{FAE04EC0-301F-11D3-BF4B-00C04F79EFBC}") = "NorthWindPracticeWeb.Common", "NorthWindPracticeWeb.Common\NorthWindPracticeWeb.Common.csproj", "{AD8E0E0E-5EE4-44A1-9F67-7BF1E03E5C68}"
EndProject
Project("{FAE04EC0-301F-11D3-BF4B-00C04F79EFBC}") = "NorthWindPracticeWeb.Common.Test", "NorthWindPracticeWeb.Common.Test\NorthWindPracticeWeb.Common.Test.csproj", "{ABE0C542-52BB-4675-8B09-6481BD04EDEC}"
EndProject
Global
	GlobalSection(SolutionConfigurationPlatforms) = preSolution
		Debug|Any CPU = Debug|Any CPU
		Release|Any CPU = Release|Any CPU
	EndGlobalSection
	GlobalSection(ProjectConfigurationPlatforms) = postSolution
		{D2A3E217-C9DF-4878-9277-78627380C299}.Debug|Any CPU.ActiveCfg = Debug|Any CPU
		{D2A3E217-C9DF-4878-9277-78627380C299}.Debug|Any CPU.Build.0 = Debug|Any CPU
		{D2A3E217-C9DF-4878-9277-78627380C299}.Release|Any CPU.ActiveCfg = Release|Any CPU
		{D2A3E217-C9DF-4878-9277-78627380C299}.Release|Any CPU.Build.0 = Release|Any CPU
		{356F3747-3B06-44CB-B6B7-DECAA5F4E5C6}.Debug|Any CPU.ActiveCfg = Debug|Any CPU
		{356F3747-3B06-44CB-B6B7-DECAA5F4E5C6}.Debug|Any CPU.Build.0 = Debug|Any CPU
		{356F3747-3B06-44CB-B6B7-DECAA5F4E5C6}.Release|Any CPU.ActiveCfg = Release|Any CPU
		{356F3747-3B06-44CB-B6B7-DECAA5F4E5C6}.Release|Any CPU.Build.0 = Release|Any CPU
		{12133B11-B5EA-47E0-A0DE-DB929CEAAE4F}.Debug|Any CPU.ActiveCfg = Debug|Any CPU
		{12133B11-B5EA-47E0-A0DE-DB929CEAAE4F}.Debug|Any CPU.Build.0 = Debug|Any CPU
		{12133B11-B5EA-47E0-A0DE-DB929CEAAE4F}.Release|Any CPU.ActiveCfg = Release|Any CPU
		{12133B11-B5EA-47E0-A0DE-DB929CEAAE4F}.Release|Any CPU.Build.0 = Release|Any CPU
		{C3B0295B-BB3C-4FC4-BF17-325167CD359D}.Debug|Any CPU.ActiveCfg = Debug|Any CPU
		{C3B0295B-BB3C-4FC4-BF17-325167CD359D}.Debug|Any CPU.Build.0 = Debug|Any CPU
		{C3B0295B-BB3C-4FC4-BF17-325167CD359D}.Release|Any CPU.ActiveCfg = Release|Any CPU
		{C3B0295B-BB3C-4FC4-BF17-325167CD359D}.Release|Any CPU.Build.0 = Release|Any CPU
		{AD8E0E0E-5EE4-44A1-9F67-7BF1E03E5C68}.Debug|Any CPU.ActiveCfg = Debug|Any CPU
		{AD8E0E0E-5EE4-44A1-9F67-7BF1E03E5C68}.Debug|Any CPU.Build.0 = Debug|Any CPU
		{AD8E0E0E-5EE4-44A1-9F67-7BF1E03E5C68}.Release|Any CPU.ActiveCfg = Release|Any CPU
		{AD8E0E0E-5EE4-44A1-9F67-7BF1E03E5C68}.Release|Any CPU.Build.0 = Release|Any CPU
		{ABE0C542-52BB-4675-8B09-6481BD04EDEC}.Debug|Any CPU.ActiveCfg = Debug|Any CPU
		{ABE0C542-52BB-4675-8B09-6481BD04EDEC}.Debug|Any CPU.Build.0 = Debug|Any CPU
		{ABE0C542-52BB-4675-8B09-6481BD04EDEC}.Release|Any CPU.ActiveCfg = Release|Any CPU
		{ABE0C542-52BB-4675-8B09-6481BD04EDEC}.Release|Any CPU.Build.0 = Release|Any CPU
	EndGlobalSection
	GlobalSection(SolutionProperties) = preSolution
		HideSolutionNode = FALSE
	EndGlobalSection
	GlobalSection(ExtensibilityGlobals) = postSolution
		SolutionGuid = {7A76E76C-DB52-485C-93E3-87A50198760A}
	EndGlobalSection
EndGlobal
